schema: '2.0'
# Generated by DVC after running `dvc repro`.
# This placeholder keeps the requested project structure in place.
stages:
  train_model:
    cmd: python training/train.py
    deps:
    - path: data/student.csv
      hash: md5
      md5: 1c2d2b0d4ce72ec5d72a7ff56e058cb6
      size: 2043
    - path: training/train.py
      hash: md5
      md5: c17c5ad76c927059c87889debcc14fb0
      size: 2349
    outs:
    - path: app/model.pkl
      hash: md5
      md5: 1bb65126cfcb34fd3c3000b51a5147db
      size: 1247
