schema: '2.0'
# Generated by DVC after running `dvc repro`.
# This placeholder keeps the requested project structure in place.
stages:
  train_model:
    cmd: python training/train.py
    deps:
    - path: data/student.csv
      hash: md5
      md5: ff963d280a2446952397469e4e293ee0
      size: 3033
    - path: training/train.py
      hash: md5
      md5: c17c5ad76c927059c87889debcc14fb0
      size: 2349
    outs:
    - path: app/model.pkl
      hash: md5
      md5: e14f326de46308c4aa6c51a59b104ca0
      size: 1247
