schema: '2.0'
# Generated by DVC after running `dvc repro`.
# This placeholder keeps the requested project structure in place.
stages:
  train_model:
    cmd: python training/train.py
    deps:
    - path: data/student.csv
      hash: md5
      md5: 67f01c45eebabfbdada82f12a70936e3
      size: 603
    - path: training/train.py
      hash: md5
      md5: e64a14538f9439cab76c6650cacd7583
      size: 2355
    outs:
    - path: app/model.pkl
      hash: md5
      md5: 681393363ea8d380bf03a8ad3351842b
      size: 1247
